{
  "version": 4,
  "terraform_version": "0.12.8",
  "serial": 1,
  "lineage": "05598ea8-d338-94d2-6892-1292cfa847ea",
  "outputs": {},
  "resources": [
    {
      "mode": "managed",
      "type": "yandex_storage_bucket",
      "name": "test",
      "provider": "provider.yandex",
      "instances": [
        {
          "schema_version": 0,
          "attributes": {
            "access_key": "YCAJEa0BpRfbTclFIVj9y5Vpt",
            "acl": "private",
            "bucket": "alexmalinovskiy",
            "bucket_domain_name": "alexmalinovskiy.storage.yandexcloud.net",
            "bucket_prefix": null,
            "cors_rule": [],
            "force_destroy": false,
            "grant": [],
            "id": "alexmalinovskiy",
            "lifecycle_rule": [],
            "logging": [],
            "policy": null,
            "secret_key": "YCNTsQxH28MCZ2gb-5zHL7gB17iLa0dGTfie4bT1",
            "server_side_encryption_configuration": [],
            "versioning": [
              {
                "enabled": false
              }
            ],
            "website": [],
            "website_domain": null,
            "website_endpoint": null
          },
          "private": "bnVsbA=="
        }
      ]
    }
  ]
}
